// !$*UTF8*$!
{
	archiveVersion = 1;
	classes = {
	};
	objectVersion = 46;
	objects = {

/* Begin PBXBuildFile section */
		9A3B14501B7B60F600D557BC /* main.m in Sources */ = {isa = PBXBuildFile; fileRef = 9A3B144F1B7B60F600D557BC /* main.m */; };
		9A3B14531B7B60F600D557BC /* AppDelegate.m in Sources */ = {isa = PBXBuildFile; fileRef = 9A3B14521B7B60F600D557BC /* AppDelegate.m */; };
		9A3B14561B7B60F600D557BC /* ViewController.m in Sources */ = {isa = PBXBuildFile; fileRef = 9A3B14551B7B60F600D557BC /* ViewController.m */; };
		9A3B14591B7B60F600D557BC /* Main.storyboard in Resources */ = {isa = PBXBuildFile; fileRef = 9A3B14571B7B60F600D557BC /* Main.storyboard */; };
		9A3B145B1B7B60F600D557BC /* Images.xcassets in Resources */ = {isa = PBXBuildFile; fileRef = 9A3B145A1B7B60F600D557BC /* Images.xcassets */; };
		9A3B145E1B7B60F600D557BC /* LaunchScreen.xib in Resources */ = {isa = PBXBuildFile; fileRef = 9A3B145C1B7B60F600D557BC /* LaunchScreen.xib */; };
		9A3B146A1B7B60F600D557BC /* _____Tests.m in Sources */ = {isa = PBXBuildFile; fileRef = 9A3B14691B7B60F600D557BC /* _____Tests.m */; };
		9A3B14751B7B7D6F00D557BC /* Ticket.m in Sources */ = {isa = PBXBuildFile; fileRef = 9A3B14741B7B7D6F00D557BC /* Ticket.m */; };
/* End PBXBuildFile section */

/* Begin PBXContainerItemProxy section */
		9A3B14641B7B60F600D557BC /* PBXContainerItemProxy */ = {
			isa = PBXContainerItemProxy;
			containerPortal = 9A3B14421B7B60F600D557BC /* Project object */;
			proxyType = 1;
			remoteGlobalIDString = 9A3B14491B7B60F600D557BC;
			remoteInfo = "多线程抢票";
		};
/* End PBXContainerItemProxy section */

/* Begin PBXFileReference section */
		9A3B144A1B7B60F600D557BC /* 多线程抢票.app */ = {isa = PBXFileReference; explicitFileType = wrapper.application; includeInIndex = 0; path = "多线程抢票.app"; sourceTree = BUILT_PRODUCTS_DIR; };
		9A3B144E1B7B60F600D557BC /* Info.plist */ = {isa = PBXFileReference; lastKnownFileType = text.plist.xml; path = Info.plist; sourceTree = "<group>"; };
		9A3B144F1B7B60F600D557BC /* main.m */ = {isa = PBXFileReference; lastKnownFileType = sourcecode.c.objc; path = main.m; sourceTree = "<group>"; };
		9A3B14511B7B60F600D557BC /* AppDelegate.h */ = {isa = PBXFileReference; lastKnownFileType = sourcecode.c.h; path = AppDelegate.h; sourceTree = "<group>"; };
		9A3B14521B7B60F600D557BC /* AppDelegate.m */ = {isa = PBXFileReference; lastKnownFileType = sourcecode.c.objc; path = AppDelegate.m; sourceTree = "<group>"; };
		9A3B14541B7B60F600D557BC /* ViewController.h */ = {isa = PBXFileReference; lastKnownFileType = sourcecode.c.h; path = ViewController.h; sourceTree = "<group>"; };
		9A3B14551B7B60F600D557BC /* ViewController.m */ = {isa = PBXFileReference; lastKnownFileType = sourcecode.c.objc; path = ViewController.m; sourceTree = "<group>"; };
		9A3B14581B7B60F600D557BC /* Base */ = {isa = PBXFileReference; lastKnownFileType = file.storyboard; name = Base; path = Base.lproj/Main.storyboard; sourceTree = "<group>"; };
		9A3B145A1B7B60F600D557BC /* Images.xcassets */ = {isa = PBXFileReference; lastKnownFileType = folder.assetcatalog; path = Images.xcassets; sourceTree = "<group>"; };
		9A3B145D1B7B60F600D557BC /* Base */ = {isa = PBXFileReference; lastKnownFileType = file.xib; name = Base; path = Base.lproj/LaunchScreen.xib; sourceTree = "<group>"; };
		9A3B14631B7B60F600D557BC /* 多线程抢票Tests.xctest */ = {isa = PBXFileReference; explicitFileType = wrapper.cfbundle; includeInIndex = 0; path = "多线程抢票Tests.xctest"; sourceTree = BUILT_PRODUCTS_DIR; };
		9A3B14681B7B60F600D557BC /* Info.plist */ = {isa = PBXFileReference; lastKnownFileType = text.plist.xml; path = Info.plist; sourceTree = "<group>"; };
		9A3B14691B7B60F600D557BC /* _____Tests.m */ = {isa = PBXFileReference; lastKnownFileType = sourcecode.c.objc; path = "_____Tests.m"; sourceTree = "<group>"; };
		9A3B14731B7B7D6F00D557BC /* Ticket.h */ = {isa = PBXFileReference; fileEncoding = 4; lastKnownFileType = sourcecode.c.h; path = Ticket.h; sourceTree = "<group>"; };
		9A3B14741B7B7D6F00D557BC /* Ticket.m */ = {isa = PBXFileReference; fileEncoding = 4; lastKnownFileType = sourcecode.c.objc; path = Ticket.m; sourceTree = "<group>"; };
/* End PBXFileReference section */

/* Begin PBXFrameworksBuildPhase section */
		9A3B14471B7B60F600D557BC /* Frameworks */ = {
			isa = PBXFrameworksBuildPhase;
			buildActionMask = 2147483647;
			files = (
			);
			runOnlyForDeploymentPostprocessing = 0;
		};
		9A3B14601B7B60F600D557BC /* Frameworks */ = {
			isa = PBXFrameworksBuildPhase;
			buildActionMask = 2147483647;
			files = (
			);
			runOnlyForDeploymentPostprocessing = 0;
		};
/* End PBXFrameworksBuildPhase section */

/* Begin PBXGroup section */
		9A3B14411B7B60F600D557BC = {
			isa = PBXGroup;
			children = (
				9A3B144C1B7B60F600D557BC /* 多线程抢票 */,
				9A3B14661B7B60F600D557BC /* 多线程抢票Tests */,
				9A3B144B1B7B60F600D557BC /* Products */,
			);
			sourceTree = "<group>";
		};
		9A3B144B1B7B60F600D557BC /* Products */ = {
			isa = PBXGroup;
			children = (
				9A3B144A1B7B60F600D557BC /* 多线程抢票.app */,
				9A3B14631B7B60F600D557BC /* 多线程抢票Tests.xctest */,
			);
			name = Products;
			sourceTree = "<group>";
		};
		9A3B144C1B7B60F600D557BC /* 多线程抢票 */ = {
			isa = PBXGroup;
			children = (
				9A3B14511B7B60F600D557BC /* AppDelegate.h */,
				9A3B14521B7B60F600D557BC /* AppDelegate.m */,
				9A3B14541B7B60F600D557BC /* ViewController.h */,
				9A3B14551B7B60F600D557BC /* ViewController.m */,
				9A3B14571B7B60F600D557BC /* Main.storyboard */,
				9A3B145A1B7B60F600D557BC /* Images.xcassets */,
				9A3B145C1B7B60F600D557BC /* LaunchScreen.xib */,
				9A3B144D1B7B60F600D557BC /* Supporting Files */,
				9A3B14731B7B7D6F00D557BC /* Ticket.h */,
				9A3B14741B7B7D6F00D557BC /* Ticket.m */,
			);
			path = "多线程抢票";
			sourceTree = "<group>";
		};
		9A3B144D1B7B60F600D557BC /* Supporting Files */ = {
			isa = PBXGroup;
			children = (
				9A3B144E1B7B60F600D557BC /* Info.plist */,
				9A3B144F1B7B60F600D557BC /* main.m */,
			);
			name = "Supporting Files";
			sourceTree = "<group>";
		};
		9A3B14661B7B60F600D557BC /* 多线程抢票Tests */ = {
			isa = PBXGroup;
			children = (
				9A3B14691B7B60F600D557BC /* _____Tests.m */,
				9A3B14671B7B60F600D557BC /* Supporting Files */,
			);
			path = "多线程抢票Tests";
			sourceTree = "<group>";
		};
		9A3B14671B7B60F600D557BC /* Supporting Files */ = {
			isa = PBXGroup;
			children = (
				9A3B14681B7B60F600D557BC /* Info.plist */,
			);
			name = "Supporting Files";
			sourceTree = "<group>";
		};
/* End PBXGroup section */

/* Begin PBXNativeTarget section */
		9A3B14491B7B60F600D557BC /* 多线程抢票 */ = {
			isa = PBXNativeTarget;
			buildConfigurationList = 9A3B146D1B7B60F600D557BC /* Build configuration list for PBXNativeTarget "多线程抢票" */;
			buildPhases = (
				9A3B14461B7B60F600D557BC /* Sources */,
				9A3B14471B7B60F600D557BC /* Frameworks */,
				9A3B14481B7B60F600D557BC /* Resources */,
			);
			buildRules = (
			);
			dependencies = (
			);
			name = "多线程抢票";
			productName = "多线程抢票";
			productReference = 9A3B144A1B7B60F600D557BC /* 多线程抢票.app */;
			productType = "com.apple.product-type.application";
		};
		9A3B14621B7B60F600D557BC /* 多线程抢票Tests */ = {
			isa = PBXNativeTarget;
			buildConfigurationList = 9A3B14701B7B60F600D557BC /* Build configuration list for PBXNativeTarget "多线程抢票Tests" */;
			buildPhases = (
				9A3B145F1B7B60F600D557BC /* Sources */,
				9A3B14601B7B60F600D557BC /* Frameworks */,
				9A3B14611B7B60F600D557BC /* Resources */,
			);
			buildRules = (
			);
			dependencies = (
				9A3B14651B7B60F600D557BC /* PBXTargetDependency */,
			);
			name = "多线程抢票Tests";
			productName = "多线程抢票Tests";
			productReference = 9A3B14631B7B60F600D557BC /* 多线程抢票Tests.xctest */;
			productType = "com.apple.product-type.bundle.unit-test";
		};
/* End PBXNativeTarget section */

/* Begin PBXProject section */
		9A3B14421B7B60F600D557BC /* Project object */ = {
			isa = PBXProject;
			attributes = {
				LastUpgradeCheck = 0640;
				ORGANIZATIONNAME = "宋永勇";
				TargetAttributes = {
					9A3B14491B7B60F600D557BC = {
						CreatedOnToolsVersion = 6.4;
					};
					9A3B14621B7B60F600D557BC = {
						CreatedOnToolsVersion = 6.4;
						TestTargetID = 9A3B14491B7B60F600D557BC;
					};
				};
			};
			buildConfigurationList = 9A3B14451B7B60F600D557BC /* Build configuration list for PBXProject "多线程抢票" */;
			compatibilityVersion = "Xcode 3.2";
			developmentRegion = English;
			hasScannedForEncodings = 0;
			knownRegions = (
				en,
				Base,
			);
			mainGroup = 9A3B14411B7B60F600D557BC;
			productRefGroup = 9A3B144B1B7B60F600D557BC /* Products */;
			projectDirPath = "";
			projectRoot = "";
			targets = (
				9A3B14491B7B60F600D557BC /* 多线程抢票 */,
				9A3B14621B7B60F600D557BC /* 多线程抢票Tests */,
			);
		};
/* End PBXProject section */

/* Begin PBXResourcesBuildPhase section */
		9A3B14481B7B60F600D557BC /* Resources */ = {
			isa = PBXResourcesBuildPhase;
			buildActionMask = 2147483647;
			files = (
				9A3B14591B7B60F600D557BC /* Main.storyboard in Resources */,
				9A3B145E1B7B60F600D557BC /* LaunchScreen.xib in Resources */,
				9A3B145B1B7B60F600D557BC /* Images.xcassets in Resources */,
			);
			runOnlyForDeploymentPostprocessing = 0;
		};
		9A3B14611B7B60F600D557BC /* Resources */ = {
			isa = PBXResourcesBuildPhase;
			buildActionMask = 2147483647;
			files = (
			);
			runOnlyForDeploymentPostprocessing = 0;
		};
/* End PBXResourcesBuildPhase section */

/* Begin PBXSourcesBuildPhase section */
		9A3B14461B7B60F600D557BC /* Sources */ = {
			isa = PBXSourcesBuildPhase;
			buildActionMask = 2147483647;
			files = (
				9A3B14561B7B60F600D557BC /* ViewController.m in Sources */,
				9A3B14531B7B60F600D557BC /* AppDelegate.m in Sources */,
				9A3B14501B7B60F600D557BC /* main.m in Sources */,
				9A3B14751B7B7D6F00D557BC /* Ticket.m in Sources */,
			);
			runOnlyForDeploymentPostprocessing = 0;
		};
		9A3B145F1B7B60F600D557BC /* Sources */ = {
			isa = PBXSourcesBuildPhase;
			buildActionMask = 2147483647;
			files = (
				9A3B146A1B7B60F600D557BC /* _____Tests.m in Sources */,
			);
			runOnlyForDeploymentPostprocessing = 0;
		};
/* End PBXSourcesBuildPhase section */

/* Begin PBXTargetDependency section */
		9A3B14651B7B60F600D557BC /* PBXTargetDependency */ = {
			isa = PBXTargetDependency;
			target = 9A3B14491B7B60F600D557BC /* 多线程抢票 */;
			targetProxy = 9A3B14641B7B60F600D557BC /* PBXContainerItemProxy */;
		};
/* End PBXTargetDependency section */

/* Begin PBXVariantGroup section */
		9A3B14571B7B60F600D557BC /* Main.storyboard */ = {
			isa = PBXVariantGroup;
			children = (
				9A3B14581B7B60F600D557BC /* Base */,
			);
			name = Main.storyboard;
			sourceTree = "<group>";
		};
		9A3B145C1B7B60F600D557BC /* LaunchScreen.xib */ = {
			isa = PBXVariantGroup;
			children = (
				9A3B145D1B7B60F600D557BC /* Base */,
			);
			name = LaunchScreen.xib;
			sourceTree = "<group>";
		};
/* End PBXVariantGroup section */

/* Begin XCBuildConfiguration section */
		9A3B146B1B7B60F600D557BC /* Debug */ = {
			isa = XCBuildConfiguration;
			buildSettings = {
				ALWAYS_SEARCH_USER_PATHS = NO;
				CLANG_CXX_LANGUAGE_STANDARD = "gnu++0x";
				CLANG_CXX_LIBRARY = "libc++";
				CLANG_ENABLE_MODULES = YES;
				CLANG_ENABLE_OBJC_ARC = YES;
				CLANG_WARN_BOOL_CONVERSION = YES;
				CLANG_WARN_CONSTANT_CONVERSION = YES;
				CLANG_WARN_DIRECT_OBJC_ISA_USAGE = YES_ERROR;
				CLANG_WARN_EMPTY_BODY = YES;
				CLANG_WARN_ENUM_CONVERSION = YES;
				CLANG_WARN_INT_CONVERSION = YES;
				CLANG_WARN_OBJC_ROOT_CLASS = YES_ERROR;
				CLANG_WARN_UNREACHABLE_CODE = YES;
				CLANG_WARN__DUPLICATE_METHOD_MATCH = YES;
				"CODE_SIGN_IDENTITY[sdk=iphoneos*]" = "iPhone Developer";
				COPY_PHASE_STRIP = NO;
				DEBUG_INFORMATION_FORMAT = "dwarf-with-dsym";
				ENABLE_STRICT_OBJC_MSGSEND = YES;
				GCC_C_LANGUAGE_STANDARD = gnu99;
				GCC_DYNAMIC_NO_PIC = NO;
				GCC_NO_COMMON_BLOCKS = YES;
				GCC_OPTIMIZATION_LEVEL = 0;
				GCC_PREPROCESSOR_DEFINITIONS = (
					"DEBUG=1",
					"$(inherited)",
				);
				GCC_SYMBOLS_PRIVATE_EXTERN = NO;
				GCC_WARN_64_TO_32_BIT_CONVERSION = YES;
				GCC_WARN_ABOUT_RETURN_TYPE = YES_ERROR;
				GCC_WARN_UNDECLARED_SELECTOR = YES;
				GCC_WARN_UNINITIALIZED_AUTOS = YES_AGGRESSIVE;
				GCC_WARN_UNUSED_FUNCTION = YES;
				GCC_WARN_UNUSED_VARIABLE = YES;
				IPHONEOS_DEPLOYMENT_TARGET = 8.4;
				MTL_ENABLE_DEBUG_INFO = YES;
				ONLY_ACTIVE_ARCH = YES;
				SDKROOT = iphoneos;
			};
			name = Debug;
		};
		9A3B146C1B7B60F600D557BC /* Release */ = {
			isa = XCBuildConfiguration;
			buildSettings = {
				ALWAYS_SEARCH_USER_PATHS = NO;
				CLANG_CXX_LANGUAGE_STANDARD = "gnu++0x";
				CLANG_CXX_LIBRARY = "libc++";
				CLANG_ENABLE_MODULES = YES;
				CLANG_ENABLE_OBJC_ARC = YES;
				CLANG_WARN_BOOL_CONVERSION = YES;
				CLANG_WARN_CONSTANT_CONVERSION = YES;
				CLANG_WARN_DIRECT_OBJC_ISA_USAGE = YES_ERROR;
				CLANG_WARN_EMPTY_BODY = YES;
				CLANG_WARN_ENUM_CONVERSION = YES;
				CLANG_WARN_INT_CONVERSION = YES;
				CLANG_WARN_OBJC_ROOT_CLASS = YES_ERROR;
				CLANG_WARN_UNREACHABLE_CODE = YES;
				CLANG_WARN__DUPLICATE_METHOD_MATCH = YES;
				"CODE_SIGN_IDENTITY[sdk=iphoneos*]" = "iPhone Developer";
				COPY_PHASE_STRIP = NO;
				DEBUG_INFORMATION_FORMAT = "dwarf-with-dsym";
				ENABLE_NS_ASSERTIONS = NO;
				ENABLE_STRICT_OBJC_MSGSEND = YES;
				GCC_C_LANGUAGE_STANDARD = gnu99;
				GCC_NO_COMMON_BLOCKS = YES;
				GCC_WARN_64_TO_32_BIT_CONVERSION = YES;
				GCC_WARN_ABOUT_RETURN_TYPE = YES_ERROR;
				GCC_WARN_UNDECLARED_SELECTOR = YES;
				GCC_WARN_UNINITIALIZED_AUTOS = YES_AGGRESSIVE;
				GCC_WARN_UNUSED_FUNCTION = YES;
				GCC_WARN_UNUSED_VARIABLE = YES;
				IPHONEOS_DEPLOYMENT_TARGET = 8.4;
				MTL_ENABLE_DEBUG_INFO = NO;
				SDKROOT = iphoneos;
				VALIDATE_PRODUCT = YES;
			};
			name = Release;
		};
		9A3B146E1B7B60F600D557BC /* Debug */ = {
			isa = XCBuildConfiguration;
			buildSettings = {
				ASSETCATALOG_COMPILER_APPICON_NAME = AppIcon;
				INFOPLIST_FILE = "多线程抢票/Info.plist";
				LD_RUNPATH_SEARCH_PATHS = "$(inherited) @executable_path/Frameworks";
				PRODUCT_NAME = "$(TARGET_NAME)";
			};
			name = Debug;
		};
		9A3B146F1B7B60F600D557BC /* Release */ = {
			isa = XCBuildConfiguration;
			buildSettings = {
				ASSETCATALOG_COMPILER_APPICON_NAME = AppIcon;
				INFOPLIST_FILE = "多线程抢票/Info.plist";
				LD_RUNPATH_SEARCH_PATHS = "$(inherited) @executable_path/Frameworks";
				PRODUCT_NAME = "$(TARGET_NAME)";
			};
			name = Release;
		};
		9A3B14711B7B60F600D557BC /* Debug */ = {
			isa = XCBuildConfiguration;
			buildSettings = {
				BUNDLE_LOADER = "$(TEST_HOST)";
				FRAMEWORK_SEARCH_PATHS = (
					"$(SDKROOT)/Developer/Library/Frameworks",
					"$(inherited)",
				);
				GCC_PREPROCESSOR_DEFINITIONS = (
					"DEBUG=1",
					"$(inherited)",
				);
				INFOPLIST_FILE = "多线程抢票Tests/Info.plist";
				LD_RUNPATH_SEARCH_PATHS = "$(inherited) @executable_path/Frameworks @loader_path/Frameworks";
				PRODUCT_NAME = "$(TARGET_NAME)";
				TEST_HOST = "$(BUILT_PRODUCTS_DIR)/多线程抢票.app/多线程抢票";
			};
			name = Debug;
		};
		9A3B14721B7B60F600D557BC /* Release */ = {
			isa = XCBuildConfiguration;
			buildSettings = {
				BUNDLE_LOADER = "$(TEST_HOST)";
				FRAMEWORK_SEARCH_PATHS = (
					"$(SDKROOT)/Developer/Library/Frameworks",
					"$(inherited)",
				);
				INFOPLIST_FILE = "多线程抢票Tests/Info.plist";
				LD_RUNPATH_SEARCH_PATHS = "$(inherited) @executable_path/Frameworks @loader_path/Frameworks";
				PRODUCT_NAME = "$(TARGET_NAME)";
				TEST_HOST = "$(BUILT_PRODUCTS_DIR)/多线程抢票.app/多线程抢票";
			};
			name = Release;
		};
/* End XCBuildConfiguration section */

/* Begin XCConfigurationList section */
		9A3B14451B7B60F600D557BC /* Build configuration list for PBXProject "多线程抢票" */ = {
			isa = XCConfigurationList;
			buildConfigurations = (
				9A3B146B1B7B60F600D557BC /* Debug */,
				9A3B146C1B7B60F600D557BC /* Release */,
			);
			defaultConfigurationIsVisible = 0;
			defaultConfigurationName = Release;
		};
		9A3B146D1B7B60F600D557BC /* Build configuration list for PBXNativeTarget "多线程抢票" */ = {
			isa = XCConfigurationList;
			buildConfigurations = (
				9A3B146E1B7B60F600D557BC /* Debug */,
				9A3B146F1B7B60F600D557BC /* Release */,
			);
			defaultConfigurationIsVisible = 0;
		};
		9A3B14701B7B60F600D557BC /* Build configuration list for PBXNativeTarget "多线程抢票Tests" */ = {
			isa = XCConfigurationList;
			buildConfigurations = (
				9A3B14711B7B60F600D557BC /* Debug */,
				9A3B14721B7B60F600D557BC /* Release */,
			);
			defaultConfigurationIsVisible = 0;
		};
/* End XCConfigurationList section */
	};
	rootObject = 9A3B14421B7B60F600D557BC /* Project object */;
}
